// !$*UTF8*$!
{
	archiveVersion = 1;
	classes = {
	};
	objectVersion = 56;
	objects = {

/* Begin PBXBuildFile section */
		1A24EFB02ABE3CAE00DDE9DA /* AppDelegate.swift in Sources */ = {isa = PBXBuildFile; fileRef = 1A24EFAF2ABE3CAE00DDE9DA /* AppDelegate.swift */; };
		1A24EFB22ABE3CAE00DDE9DA /* SceneDelegate.swift in Sources */ = {isa = PBXBuildFile; fileRef = 1A24EFB12ABE3CAE00DDE9DA /* SceneDelegate.swift */; };
		1A24EFB92ABE3CAF00DDE9DA /* Assets.xcassets in Resources */ = {isa = PBXBuildFile; fileRef = 1A24EFB82ABE3CAF00DDE9DA /* Assets.xcassets */; };
		1A24EFBC2ABE3CAF00DDE9DA /* LaunchScreen.storyboard in Resources */ = {isa = PBXBuildFile; fileRef = 1A24EFBA2ABE3CAF00DDE9DA /* LaunchScreen.storyboard */; };
		1A24EFC72ABE3CAF00DDE9DA /* MiBand5Tests.swift in Sources */ = {isa = PBXBuildFile; fileRef = 1A24EFC62ABE3CAF00DDE9DA /* MiBand5Tests.swift */; };
		1A24EFD12ABE3CAF00DDE9DA /* MiBand5UITests.swift in Sources */ = {isa = PBXBuildFile; fileRef = 1A24EFD02ABE3CAF00DDE9DA /* MiBand5UITests.swift */; };
		1A24EFD32ABE3CAF00DDE9DA /* MiBand5UITestsLaunchTests.swift in Sources */ = {isa = PBXBuildFile; fileRef = 1A24EFD22ABE3CAF00DDE9DA /* MiBand5UITestsLaunchTests.swift */; };
		1A24EFE12ABE3DDC00DDE9DA /* MainViewController.swift in Sources */ = {isa = PBXBuildFile; fileRef = 1A24EFDF2ABE3DDC00DDE9DA /* MainViewController.swift */; };
		1A24EFE22ABE3DDC00DDE9DA /* MainViewController.xib in Resources */ = {isa = PBXBuildFile; fileRef = 1A24EFE02ABE3DDC00DDE9DA /* MainViewController.xib */; };
		1A24EFEB2ABE401D00DDE9DA /* BLEManager.swift in Sources */ = {isa = PBXBuildFile; fileRef = 1A24EFEA2ABE401D00DDE9DA /* BLEManager.swift */; };
		1A24EFED2ABE402B00DDE9DA /* BLEManagerProtocol.swift in Sources */ = {isa = PBXBuildFile; fileRef = 1A24EFEC2ABE402B00DDE9DA /* BLEManagerProtocol.swift */; };
		1A24EFF22ABEF66400DDE9DA /* MiBand5.swift in Sources */ = {isa = PBXBuildFile; fileRef = 1A24EFF12ABEF66400DDE9DA /* MiBand5.swift */; };
/* End PBXBuildFile section */

/* Begin PBXContainerItemProxy section */
		1A24EFC32ABE3CAF00DDE9DA /* PBXContainerItemProxy */ = {
			isa = PBXContainerItemProxy;
			containerPortal = 1A24EFA42ABE3CAE00DDE9DA /* Project object */;
			proxyType = 1;
			remoteGlobalIDString = 1A24EFAB2ABE3CAE00DDE9DA;
			remoteInfo = MiBand5;
		};
		1A24EFCD2ABE3CAF00DDE9DA /* PBXContainerItemProxy */ = {
			isa = PBXContainerItemProxy;
			containerPortal = 1A24EFA42ABE3CAE00DDE9DA /* Project object */;
			proxyType = 1;
			remoteGlobalIDString = 1A24EFAB2ABE3CAE00DDE9DA;
			remoteInfo = MiBand5;
		};
/* End PBXContainerItemProxy section */

/* Begin PBXFileReference section */
		1A24EFAC2ABE3CAE00DDE9DA /* MiBand5.app */ = {isa = PBXFileReference; explicitFileType = wrapper.application; includeInIndex = 0; path = MiBand5.app; sourceTree = BUILT_PRODUCTS_DIR; };
		1A24EFAF2ABE3CAE00DDE9DA /* AppDelegate.swift */ = {isa = PBXFileReference; lastKnownFileType = sourcecode.swift; path = AppDelegate.swift; sourceTree = "<group>"; };
		1A24EFB12ABE3CAE00DDE9DA /* SceneDelegate.swift */ = {isa = PBXFileReference; lastKnownFileType = sourcecode.swift; path = SceneDelegate.swift; sourceTree = "<group>"; };
		1A24EFB82ABE3CAF00DDE9DA /* Assets.xcassets */ = {isa = PBXFileReference; lastKnownFileType = folder.assetcatalog; path = Assets.xcassets; sourceTree = "<group>"; };
		1A24EFBB2ABE3CAF00DDE9DA /* Base */ = {isa = PBXFileReference; lastKnownFileType = file.storyboard; name = Base; path = Base.lproj/LaunchScreen.storyboard; sourceTree = "<group>"; };
		1A24EFBD2ABE3CAF00DDE9DA /* Info.plist */ = {isa = PBXFileReference; lastKnownFileType = text.plist.xml; path = Info.plist; sourceTree = "<group>"; };
		1A24EFC22ABE3CAF00DDE9DA /* MiBand5Tests.xctest */ = {isa = PBXFileReference; explicitFileType = wrapper.cfbundle; includeInIndex = 0; path = MiBand5Tests.xctest; sourceTree = BUILT_PRODUCTS_DIR; };
		1A24EFC62ABE3CAF00DDE9DA /* MiBand5Tests.swift */ = {isa = PBXFileReference; lastKnownFileType = sourcecode.swift; path = MiBand5Tests.swift; sourceTree = "<group>"; };
		1A24EFCC2ABE3CAF00DDE9DA /* MiBand5UITests.xctest */ = {isa = PBXFileReference; explicitFileType = wrapper.cfbundle; includeInIndex = 0; path = MiBand5UITests.xctest; sourceTree = BUILT_PRODUCTS_DIR; };
		1A24EFD02ABE3CAF00DDE9DA /* MiBand5UITests.swift */ = {isa = PBXFileReference; lastKnownFileType = sourcecode.swift; path = MiBand5UITests.swift; sourceTree = "<group>"; };
		1A24EFD22ABE3CAF00DDE9DA /* MiBand5UITestsLaunchTests.swift */ = {isa = PBXFileReference; lastKnownFileType = sourcecode.swift; path = MiBand5UITestsLaunchTests.swift; sourceTree = "<group>"; };
		1A24EFDF2ABE3DDC00DDE9DA /* MainViewController.swift */ = {isa = PBXFileReference; lastKnownFileType = sourcecode.swift; path = MainViewController.swift; sourceTree = "<group>"; };
		1A24EFE02ABE3DDC00DDE9DA /* MainViewController.xib */ = {isa = PBXFileReference; lastKnownFileType = file.xib; path = MainViewController.xib; sourceTree = "<group>"; };
		1A24EFEA2ABE401D00DDE9DA /* BLEManager.swift */ = {isa = PBXFileReference; lastKnownFileType = sourcecode.swift; path = BLEManager.swift; sourceTree = "<group>"; };
		1A24EFEC2ABE402B00DDE9DA /* BLEManagerProtocol.swift */ = {isa = PBXFileReference; lastKnownFileType = sourcecode.swift; path = BLEManagerProtocol.swift; sourceTree = "<group>"; };
		1A24EFF12ABEF66400DDE9DA /* MiBand5.swift */ = {isa = PBXFileReference; lastKnownFileType = sourcecode.swift; path = MiBand5.swift; sourceTree = "<group>"; };
/* End PBXFileReference section */

/* Begin PBXFrameworksBuildPhase section */
		1A24EFA92ABE3CAE00DDE9DA /* Frameworks */ = {
			isa = PBXFrameworksBuildPhase;
			buildActionMask = 2147483647;
			files = (
			);
			runOnlyForDeploymentPostprocessing = 0;
		};
		1A24EFBF2ABE3CAF00DDE9DA /* Frameworks */ = {
			isa = PBXFrameworksBuildPhase;
			buildActionMask = 2147483647;
			files = (
			);
			runOnlyForDeploymentPostprocessing = 0;
		};
		1A24EFC92ABE3CAF00DDE9DA /* Frameworks */ = {
			isa = PBXFrameworksBuildPhase;
			buildActionMask = 2147483647;
			files = (
			);
			runOnlyForDeploymentPostprocessing = 0;
		};
/* End PBXFrameworksBuildPhase section */

/* Begin PBXGroup section */
		1A24EFA32ABE3CAE00DDE9DA = {
			isa = PBXGroup;
			children = (
				1A24EFAE2ABE3CAE00DDE9DA /* MiBand5 */,
				1A24EFC52ABE3CAF00DDE9DA /* MiBand5Tests */,
				1A24EFCF2ABE3CAF00DDE9DA /* MiBand5UITests */,
				1A24EFAD2ABE3CAE00DDE9DA /* Products */,
			);
			sourceTree = "<group>";
		};
		1A24EFAD2ABE3CAE00DDE9DA /* Products */ = {
			isa = PBXGroup;
			children = (
				1A24EFAC2ABE3CAE00DDE9DA /* MiBand5.app */,
				1A24EFC22ABE3CAF00DDE9DA /* MiBand5Tests.xctest */,
				1A24EFCC2ABE3CAF00DDE9DA /* MiBand5UITests.xctest */,
			);
			name = Products;
			sourceTree = "<group>";
		};
		1A24EFAE2ABE3CAE00DDE9DA /* MiBand5 */ = {
			isa = PBXGroup;
			children = (
				1A24EFE32ABE3F1A00DDE9DA /* App */,
				1A24EFE42ABE3F2D00DDE9DA /* Modules */,
				1A24EFF02ABEF64800DDE9DA /* Models */,
				1A24EFE82ABE3FF700DDE9DA /* Managers */,
				1A24EFE72ABE3F6A00DDE9DA /* Resources */,
				1A24EFE62ABE3F4900DDE9DA /* Supporting files */,
			);
			path = MiBand5;
			sourceTree = "<group>";
		};
		1A24EFC52ABE3CAF00DDE9DA /* MiBand5Tests */ = {
			isa = PBXGroup;
			children = (
				1A24EFC62ABE3CAF00DDE9DA /* MiBand5Tests.swift */,
			);
			path = MiBand5Tests;
			sourceTree = "<group>";
		};
		1A24EFCF2ABE3CAF00DDE9DA /* MiBand5UITests */ = {
			isa = PBXGroup;
			children = (
				1A24EFD02ABE3CAF00DDE9DA /* MiBand5UITests.swift */,
				1A24EFD22ABE3CAF00DDE9DA /* MiBand5UITestsLaunchTests.swift */,
			);
			path = MiBand5UITests;
			sourceTree = "<group>";
		};
		1A24EFE32ABE3F1A00DDE9DA /* App */ = {
			isa = PBXGroup;
			children = (
				1A24EFAF2ABE3CAE00DDE9DA /* AppDelegate.swift */,
				1A24EFB12ABE3CAE00DDE9DA /* SceneDelegate.swift */,
			);
			path = App;
			sourceTree = "<group>";
		};
		1A24EFE42ABE3F2D00DDE9DA /* Modules */ = {
			isa = PBXGroup;
			children = (
				1A24EFE52ABE3F3600DDE9DA /* Main */,
			);
			path = Modules;
			sourceTree = "<group>";
		};
		1A24EFE52ABE3F3600DDE9DA /* Main */ = {
			isa = PBXGroup;
			children = (
				1A24EFDF2ABE3DDC00DDE9DA /* MainViewController.swift */,
				1A24EFE02ABE3DDC00DDE9DA /* MainViewController.xib */,
			);
			path = Main;
			sourceTree = "<group>";
		};
		1A24EFE62ABE3F4900DDE9DA /* Supporting files */ = {
			isa = PBXGroup;
			children = (
				1A24EFBD2ABE3CAF00DDE9DA /* Info.plist */,
				1A24EFBA2ABE3CAF00DDE9DA /* LaunchScreen.storyboard */,
			);
			path = "Supporting files";
			sourceTree = "<group>";
		};
		1A24EFE72ABE3F6A00DDE9DA /* Resources */ = {
			isa = PBXGroup;
			children = (
				1A24EFB82ABE3CAF00DDE9DA /* Assets.xcassets */,
			);
			path = Resources;
			sourceTree = "<group>";
		};
		1A24EFE82ABE3FF700DDE9DA /* Managers */ = {
			isa = PBXGroup;
			children = (
				1A24EFE92ABE400100DDE9DA /* Bluetooth */,
			);
			path = Managers;
			sourceTree = "<group>";
		};
		1A24EFE92ABE400100DDE9DA /* Bluetooth */ = {
			isa = PBXGroup;
			children = (
				1A24EFEC2ABE402B00DDE9DA /* BLEManagerProtocol.swift */,
				1A24EFEA2ABE401D00DDE9DA /* BLEManager.swift */,
			);
			path = Bluetooth;
			sourceTree = "<group>";
		};
		1A24EFF02ABEF64800DDE9DA /* Models */ = {
			isa = PBXGroup;
			children = (
				1A24EFF12ABEF66400DDE9DA /* MiBand5.swift */,
			);
			path = Models;
			sourceTree = "<group>";
		};
/* End PBXGroup section */

/* Begin PBXNativeTarget section */
		1A24EFAB2ABE3CAE00DDE9DA /* MiBand5 */ = {
			isa = PBXNativeTarget;
			buildConfigurationList = 1A24EFD62ABE3CAF00DDE9DA /* Build configuration list for PBXNativeTarget "MiBand5" */;
			buildPhases = (
				1A24EFA82ABE3CAE00DDE9DA /* Sources */,
				1A24EFA92ABE3CAE00DDE9DA /* Frameworks */,
				1A24EFAA2ABE3CAE00DDE9DA /* Resources */,
			);
			buildRules = (
			);
			dependencies = (
			);
			name = MiBand5;
			productName = MiBand5;
			productReference = 1A24EFAC2ABE3CAE00DDE9DA /* MiBand5.app */;
			productType = "com.apple.product-type.application";
		};
		1A24EFC12ABE3CAF00DDE9DA /* MiBand5Tests */ = {
			isa = PBXNativeTarget;
			buildConfigurationList = 1A24EFD92ABE3CAF00DDE9DA /* Build configuration list for PBXNativeTarget "MiBand5Tests" */;
			buildPhases = (
				1A24EFBE2ABE3CAF00DDE9DA /* Sources */,
				1A24EFBF2ABE3CAF00DDE9DA /* Frameworks */,
				1A24EFC02ABE3CAF00DDE9DA /* Resources */,
			);
			buildRules = (
			);
			dependencies = (
				1A24EFC42ABE3CAF00DDE9DA /* PBXTargetDependency */,
			);
			name = MiBand5Tests;
			productName = MiBand5Tests;
			productReference = 1A24EFC22ABE3CAF00DDE9DA /* MiBand5Tests.xctest */;
			productType = "com.apple.product-type.bundle.unit-test";
		};
		1A24EFCB2ABE3CAF00DDE9DA /* MiBand5UITests */ = {
			isa = PBXNativeTarget;
			buildConfigurationList = 1A24EFDC2ABE3CAF00DDE9DA /* Build configuration list for PBXNativeTarget "MiBand5UITests" */;
			buildPhases = (
				1A24EFC82ABE3CAF00DDE9DA /* Sources */,
				1A24EFC92ABE3CAF00DDE9DA /* Frameworks */,
				1A24EFCA2ABE3CAF00DDE9DA /* Resources */,
			);
			buildRules = (
			);
			dependencies = (
				1A24EFCE2ABE3CAF00DDE9DA /* PBXTargetDependency */,
			);
			name = MiBand5UITests;
			productName = MiBand5UITests;
			productReference = 1A24EFCC2ABE3CAF00DDE9DA /* MiBand5UITests.xctest */;
			productType = "com.apple.product-type.bundle.ui-testing";
		};
/* End PBXNativeTarget section */

/* Begin PBXProject section */
		1A24EFA42ABE3CAE00DDE9DA /* Project object */ = {
			isa = PBXProject;
			attributes = {
				BuildIndependentTargetsInParallel = 1;
				LastSwiftUpdateCheck = 1430;
				LastUpgradeCheck = 1430;
				TargetAttributes = {
					1A24EFAB2ABE3CAE00DDE9DA = {
						CreatedOnToolsVersion = 14.3.1;
					};
					1A24EFC12ABE3CAF00DDE9DA = {
						CreatedOnToolsVersion = 14.3.1;
						TestTargetID = 1A24EFAB2ABE3CAE00DDE9DA;
					};
					1A24EFCB2ABE3CAF00DDE9DA = {
						CreatedOnToolsVersion = 14.3.1;
						TestTargetID = 1A24EFAB2ABE3CAE00DDE9DA;
					};
				};
			};
			buildConfigurationList = 1A24EFA72ABE3CAE00DDE9DA /* Build configuration list for PBXProject "MiBand5" */;
			compatibilityVersion = "Xcode 14.0";
			developmentRegion = en;
			hasScannedForEncodings = 0;
			knownRegions = (
				en,
				Base,
			);
			mainGroup = 1A24EFA32ABE3CAE00DDE9DA;
			productRefGroup = 1A24EFAD2ABE3CAE00DDE9DA /* Products */;
			projectDirPath = "";
			projectRoot = "";
			targets = (
				1A24EFAB2ABE3CAE00DDE9DA /* MiBand5 */,
				1A24EFC12ABE3CAF00DDE9DA /* MiBand5Tests */,
				1A24EFCB2ABE3CAF00DDE9DA /* MiBand5UITests */,
			);
		};
/* End PBXProject section */

/* Begin PBXResourcesBuildPhase section */
		1A24EFAA2ABE3CAE00DDE9DA /* Resources */ = {
			isa = PBXResourcesBuildPhase;
			buildActionMask = 2147483647;
			files = (
				1A24EFBC2ABE3CAF00DDE9DA /* LaunchScreen.storyboard in Resources */,
				1A24EFE22ABE3DDC00DDE9DA /* MainViewController.xib in Resources */,
				1A24EFB92ABE3CAF00DDE9DA /* Assets.xcassets in Resources */,
			);
			runOnlyForDeploymentPostprocessing = 0;
		};
		1A24EFC02ABE3CAF00DDE9DA /* Resources */ = {
			isa = PBXResourcesBuildPhase;
			buildActionMask = 2147483647;
			files = (
			);
			runOnlyForDeploymentPostprocessing = 0;
		};
		1A24EFCA2ABE3CAF00DDE9DA /* Resources */ = {
			isa = PBXResourcesBuildPhase;
			buildActionMask = 2147483647;
			files = (
			);
			runOnlyForDeploymentPostprocessing = 0;
		};
/* End PBXResourcesBuildPhase section */

/* Begin PBXSourcesBuildPhase section */
		1A24EFA82ABE3CAE00DDE9DA /* Sources */ = {
			isa = PBXSourcesBuildPhase;
			buildActionMask = 2147483647;
			files = (
				1A24EFED2ABE402B00DDE9DA /* BLEManagerProtocol.swift in Sources */,
				1A24EFE12ABE3DDC00DDE9DA /* MainViewController.swift in Sources */,
				1A24EFF22ABEF66400DDE9DA /* MiBand5.swift in Sources */,
				1A24EFEB2ABE401D00DDE9DA /* BLEManager.swift in Sources */,
				1A24EFB02ABE3CAE00DDE9DA /* AppDelegate.swift in Sources */,
				1A24EFB22ABE3CAE00DDE9DA /* SceneDelegate.swift in Sources */,
			);
			runOnlyForDeploymentPostprocessing = 0;
		};
		1A24EFBE2ABE3CAF00DDE9DA /* Sources */ = {
			isa = PBXSourcesBuildPhase;
			buildActionMask = 2147483647;
			files = (
				1A24EFC72ABE3CAF00DDE9DA /* MiBand5Tests.swift in Sources */,
			);
			runOnlyForDeploymentPostprocessing = 0;
		};
		1A24EFC82ABE3CAF00DDE9DA /* Sources */ = {
			isa = PBXSourcesBuildPhase;
			buildActionMask = 2147483647;
			files = (
				1A24EFD12ABE3CAF00DDE9DA /* MiBand5UITests.swift in Sources */,
				1A24EFD32ABE3CAF00DDE9DA /* MiBand5UITestsLaunchTests.swift in Sources */,
			);
			runOnlyForDeploymentPostprocessing = 0;
		};
/* End PBXSourcesBuildPhase section */

/* Begin PBXTargetDependency section */
		1A24EFC42ABE3CAF00DDE9DA /* PBXTargetDependency */ = {
			isa = PBXTargetDependency;
			target = 1A24EFAB2ABE3CAE00DDE9DA /* MiBand5 */;
			targetProxy = 1A24EFC32ABE3CAF00DDE9DA /* PBXContainerItemProxy */;
		};
		1A24EFCE2ABE3CAF00DDE9DA /* PBXTargetDependency */ = {
			isa = PBXTargetDependency;
			target = 1A24EFAB2ABE3CAE00DDE9DA /* MiBand5 */;
			targetProxy = 1A24EFCD2ABE3CAF00DDE9DA /* PBXContainerItemProxy */;
		};
/* End PBXTargetDependency section */

/* Begin PBXVariantGroup section */
		1A24EFBA2ABE3CAF00DDE9DA /* LaunchScreen.storyboard */ = {
			isa = PBXVariantGroup;
			children = (
				1A24EFBB2ABE3CAF00DDE9DA /* Base */,
			);
			name = LaunchScreen.storyboard;
			sourceTree = "<group>";
		};
/* End PBXVariantGroup section */

/* Begin XCBuildConfiguration section */
		1A24EFD42ABE3CAF00DDE9DA /* Debug */ = {
			isa = XCBuildConfiguration;
			buildSettings = {
				ALWAYS_SEARCH_USER_PATHS = NO;
				CLANG_ANALYZER_NONNULL = YES;
				CLANG_ANALYZER_NUMBER_OBJECT_CONVERSION = YES_AGGRESSIVE;
				CLANG_CXX_LANGUAGE_STANDARD = "gnu++20";
				CLANG_ENABLE_MODULES = YES;
				CLANG_ENABLE_OBJC_ARC = YES;
				CLANG_ENABLE_OBJC_WEAK = YES;
				CLANG_WARN_BLOCK_CAPTURE_AUTORELEASING = YES;
				CLANG_WARN_BOOL_CONVERSION = YES;
				CLANG_WARN_COMMA = YES;
				CLANG_WARN_CONSTANT_CONVERSION = YES;
				CLANG_WARN_DEPRECATED_OBJC_IMPLEMENTATIONS = YES;
				CLANG_WARN_DIRECT_OBJC_ISA_USAGE = YES_ERROR;
				CLANG_WARN_DOCUMENTATION_COMMENTS = YES;
				CLANG_WARN_EMPTY_BODY = YES;
				CLANG_WARN_ENUM_CONVERSION = YES;
				CLANG_WARN_INFINITE_RECURSION = YES;
				CLANG_WARN_INT_CONVERSION = YES;
				CLANG_WARN_NON_LITERAL_NULL_CONVERSION = YES;
				CLANG_WARN_OBJC_IMPLICIT_RETAIN_SELF = YES;
				CLANG_WARN_OBJC_LITERAL_CONVERSION = YES;
				CLANG_WARN_OBJC_ROOT_CLASS = YES_ERROR;
				CLANG_WARN_QUOTED_INCLUDE_IN_FRAMEWORK_HEADER = YES;
				CLANG_WARN_RANGE_LOOP_ANALYSIS = YES;
				CLANG_WARN_STRICT_PROTOTYPES = YES;
				CLANG_WARN_SUSPICIOUS_MOVE = YES;
				CLANG_WARN_UNGUARDED_AVAILABILITY = YES_AGGRESSIVE;
				CLANG_WARN_UNREACHABLE_CODE = YES;
				CLANG_WARN__DUPLICATE_METHOD_MATCH = YES;
				COPY_PHASE_STRIP = NO;
				DEBUG_INFORMATION_FORMAT = dwarf;
				ENABLE_STRICT_OBJC_MSGSEND = YES;
				ENABLE_TESTABILITY = YES;
				GCC_C_LANGUAGE_STANDARD = gnu11;
				GCC_DYNAMIC_NO_PIC = NO;
				GCC_NO_COMMON_BLOCKS = YES;
				GCC_OPTIMIZATION_LEVEL = 0;
				GCC_PREPROCESSOR_DEFINITIONS = (
					"DEBUG=1",
					"$(inherited)",
				);
				GCC_WARN_64_TO_32_BIT_CONVERSION = YES;
				GCC_WARN_ABOUT_RETURN_TYPE = YES_ERROR;
				GCC_WARN_UNDECLARED_SELECTOR = YES;
				GCC_WARN_UNINITIALIZED_AUTOS = YES_AGGRESSIVE;
				GCC_WARN_UNUSED_FUNCTION = YES;
				GCC_WARN_UNUSED_VARIABLE = YES;
				IPHONEOS_DEPLOYMENT_TARGET = 16.4;
				MTL_ENABLE_DEBUG_INFO = INCLUDE_SOURCE;
				MTL_FAST_MATH = YES;
				ONLY_ACTIVE_ARCH = YES;
				SDKROOT = iphoneos;
				SWIFT_ACTIVE_COMPILATION_CONDITIONS = DEBUG;
				SWIFT_OPTIMIZATION_LEVEL = "-Onone";
			};
			name = Debug;
		};
		1A24EFD52ABE3CAF00DDE9DA /* Release */ = {
			isa = XCBuildConfiguration;
			buildSettings = {
				ALWAYS_SEARCH_USER_PATHS = NO;
				CLANG_ANALYZER_NONNULL = YES;
				CLANG_ANALYZER_NUMBER_OBJECT_CONVERSION = YES_AGGRESSIVE;
				CLANG_CXX_LANGUAGE_STANDARD = "gnu++20";
				CLANG_ENABLE_MODULES = YES;
				CLANG_ENABLE_OBJC_ARC = YES;
				CLANG_ENABLE_OBJC_WEAK = YES;
				CLANG_WARN_BLOCK_CAPTURE_AUTORELEASING = YES;
				CLANG_WARN_BOOL_CONVERSION = YES;
				CLANG_WARN_COMMA = YES;
				CLANG_WARN_CONSTANT_CONVERSION = YES;
				CLANG_WARN_DEPRECATED_OBJC_IMPLEMENTATIONS = YES;
				CLANG_WARN_DIRECT_OBJC_ISA_USAGE = YES_ERROR;
				CLANG_WARN_DOCUMENTATION_COMMENTS = YES;
				CLANG_WARN_EMPTY_BODY = YES;
				CLANG_WARN_ENUM_CONVERSION = YES;
				CLANG_WARN_INFINITE_RECURSION = YES;
				CLANG_WARN_INT_CONVERSION = YES;
				CLANG_WARN_NON_LITERAL_NULL_CONVERSION = YES;
				CLANG_WARN_OBJC_IMPLICIT_RETAIN_SELF = YES;
				CLANG_WARN_OBJC_LITERAL_CONVERSION = YES;
				CLANG_WARN_OBJC_ROOT_CLASS = YES_ERROR;
				CLANG_WARN_QUOTED_INCLUDE_IN_FRAMEWORK_HEADER = YES;
				CLANG_WARN_RANGE_LOOP_ANALYSIS = YES;
				CLANG_WARN_STRICT_PROTOTYPES = YES;
				CLANG_WARN_SUSPICIOUS_MOVE = YES;
				CLANG_WARN_UNGUARDED_AVAILABILITY = YES_AGGRESSIVE;
				CLANG_WARN_UNREACHABLE_CODE = YES;
				CLANG_WARN__DUPLICATE_METHOD_MATCH = YES;
				COPY_PHASE_STRIP = NO;
				DEBUG_INFORMATION_FORMAT = "dwarf-with-dsym";
				ENABLE_NS_ASSERTIONS = NO;
				ENABLE_STRICT_OBJC_MSGSEND = YES;
				GCC_C_LANGUAGE_STANDARD = gnu11;
				GCC_NO_COMMON_BLOCKS = YES;
				GCC_WARN_64_TO_32_BIT_CONVERSION = YES;
				GCC_WARN_ABOUT_RETURN_TYPE = YES_ERROR;
				GCC_WARN_UNDECLARED_SELECTOR = YES;
				GCC_WARN_UNINITIALIZED_AUTOS = YES_AGGRESSIVE;
				GCC_WARN_UNUSED_FUNCTION = YES;
				GCC_WARN_UNUSED_VARIABLE = YES;
				IPHONEOS_DEPLOYMENT_TARGET = 16.4;
				MTL_ENABLE_DEBUG_INFO = NO;
				MTL_FAST_MATH = YES;
				SDKROOT = iphoneos;
				SWIFT_COMPILATION_MODE = wholemodule;
				SWIFT_OPTIMIZATION_LEVEL = "-O";
				VALIDATE_PRODUCT = YES;
			};
			name = Release;
		};
		1A24EFD72ABE3CAF00DDE9DA /* Debug */ = {
			isa = XCBuildConfiguration;
			buildSettings = {
				ASSETCATALOG_COMPILER_APPICON_NAME = AppIcon;
				ASSETCATALOG_COMPILER_GLOBAL_ACCENT_COLOR_NAME = AccentColor;
				CODE_SIGN_STYLE = Automatic;
				CURRENT_PROJECT_VERSION = 1;
				DEVELOPMENT_TEAM = V9WUS7ZBGW;
				GENERATE_INFOPLIST_FILE = YES;
				INFOPLIST_FILE = "MiBand5/Supporting files/Info.plist";
				INFOPLIST_KEY_UIApplicationSupportsIndirectInputEvents = YES;
				INFOPLIST_KEY_UILaunchStoryboardName = LaunchScreen;
				INFOPLIST_KEY_UIMainStoryboardFile = Main;
				INFOPLIST_KEY_UISupportedInterfaceOrientations_iPad = "UIInterfaceOrientationPortrait UIInterfaceOrientationPortraitUpsideDown UIInterfaceOrientationLandscapeLeft UIInterfaceOrientationLandscapeRight";
				INFOPLIST_KEY_UISupportedInterfaceOrientations_iPhone = "UIInterfaceOrientationPortrait UIInterfaceOrientationLandscapeLeft UIInterfaceOrientationLandscapeRight";
				IPHONEOS_DEPLOYMENT_TARGET = 16.0;
				LD_RUNPATH_SEARCH_PATHS = (
					"$(inherited)",
					"@executable_path/Frameworks",
				);
				MARKETING_VERSION = 1.0;
				PRODUCT_BUNDLE_IDENTIFIER = eus.aitorzubizarreta.MiBand5;
				PRODUCT_NAME = "$(TARGET_NAME)";
				SWIFT_EMIT_LOC_STRINGS = YES;
				SWIFT_VERSION = 5.0;
				TARGETED_DEVICE_FAMILY = "1,2";
			};
			name = Debug;
		};
		1A24EFD82ABE3CAF00DDE9DA /* Release */ = {
			isa = XCBuildConfiguration;
			buildSettings = {
				ASSETCATALOG_COMPILER_APPICON_NAME = AppIcon;
				ASSETCATALOG_COMPILER_GLOBAL_ACCENT_COLOR_NAME = AccentColor;
				CODE_SIGN_STYLE = Automatic;
				CURRENT_PROJECT_VERSION = 1;
				DEVELOPMENT_TEAM = V9WUS7ZBGW;
				GENERATE_INFOPLIST_FILE = YES;
				INFOPLIST_FILE = "MiBand5/Supporting files/Info.plist";
				INFOPLIST_KEY_UIApplicationSupportsIndirectInputEvents = YES;
				INFOPLIST_KEY_UILaunchStoryboardName = LaunchScreen;
				INFOPLIST_KEY_UIMainStoryboardFile = Main;
				INFOPLIST_KEY_UISupportedInterfaceOrientations_iPad = "UIInterfaceOrientationPortrait UIInterfaceOrientationPortraitUpsideDown UIInterfaceOrientationLandscapeLeft UIInterfaceOrientationLandscapeRight";
				INFOPLIST_KEY_UISupportedInterfaceOrientations_iPhone = "UIInterfaceOrientationPortrait UIInterfaceOrientationLandscapeLeft UIInterfaceOrientationLandscapeRight";
				IPHONEOS_DEPLOYMENT_TARGET = 16.0;
				LD_RUNPATH_SEARCH_PATHS = (
					"$(inherited)",
					"@executable_path/Frameworks",
				);
				MARKETING_VERSION = 1.0;
				PRODUCT_BUNDLE_IDENTIFIER = eus.aitorzubizarreta.MiBand5;
				PRODUCT_NAME = "$(TARGET_NAME)";
				SWIFT_EMIT_LOC_STRINGS = YES;
				SWIFT_VERSION = 5.0;
				TARGETED_DEVICE_FAMILY = "1,2";
			};
			name = Release;
		};
		1A24EFDA2ABE3CAF00DDE9DA /* Debug */ = {
			isa = XCBuildConfiguration;
			buildSettings = {
				ALWAYS_EMBED_SWIFT_STANDARD_LIBRARIES = YES;
				BUNDLE_LOADER = "$(TEST_HOST)";
				CODE_SIGN_STYLE = Automatic;
				CURRENT_PROJECT_VERSION = 1;
				DEVELOPMENT_TEAM = V9WUS7ZBGW;
				GENERATE_INFOPLIST_FILE = YES;
				IPHONEOS_DEPLOYMENT_TARGET = 16.4;
				MARKETING_VERSION = 1.0;
				PRODUCT_BUNDLE_IDENTIFIER = eus.aitorzubizarreta.MiBand5Tests;
				PRODUCT_NAME = "$(TARGET_NAME)";
				SWIFT_EMIT_LOC_STRINGS = NO;
				SWIFT_VERSION = 5.0;
				TARGETED_DEVICE_FAMILY = "1,2";
				TEST_HOST = "$(BUILT_PRODUCTS_DIR)/MiBand5.app/$(BUNDLE_EXECUTABLE_FOLDER_PATH)/MiBand5";
			};
			name = Debug;
		};
		1A24EFDB2ABE3CAF00DDE9DA /* Release */ = {
			isa = XCBuildConfiguration;
			buildSettings = {
				ALWAYS_EMBED_SWIFT_STANDARD_LIBRARIES = YES;
				BUNDLE_LOADER = "$(TEST_HOST)";
				CODE_SIGN_STYLE = Automatic;
				CURRENT_PROJECT_VERSION = 1;
				DEVELOPMENT_TEAM = V9WUS7ZBGW;
				GENERATE_INFOPLIST_FILE = YES;
				IPHONEOS_DEPLOYMENT_TARGET = 16.4;
				MARKETING_VERSION = 1.0;
				PRODUCT_BUNDLE_IDENTIFIER = eus.aitorzubizarreta.MiBand5Tests;
				PRODUCT_NAME = "$(TARGET_NAME)";
				SWIFT_EMIT_LOC_STRINGS = NO;
				SWIFT_VERSION = 5.0;
				TARGETED_DEVICE_FAMILY = "1,2";
				TEST_HOST = "$(BUILT_PRODUCTS_DIR)/MiBand5.app/$(BUNDLE_EXECUTABLE_FOLDER_PATH)/MiBand5";
			};
			name = Release;
		};
		1A24EFDD2ABE3CAF00DDE9DA /* Debug */ = {
			isa = XCBuildConfiguration;
			buildSettings = {
				ALWAYS_EMBED_SWIFT_STANDARD_LIBRARIES = YES;
				CODE_SIGN_STYLE = Automatic;
				CURRENT_PROJECT_VERSION = 1;
				DEVELOPMENT_TEAM = V9WUS7ZBGW;
				GENERATE_INFOPLIST_FILE = YES;
				MARKETING_VERSION = 1.0;
				PRODUCT_BUNDLE_IDENTIFIER = eus.aitorzubizarreta.MiBand5UITests;
				PRODUCT_NAME = "$(TARGET_NAME)";
				SWIFT_EMIT_LOC_STRINGS = NO;
				SWIFT_VERSION = 5.0;
				TARGETED_DEVICE_FAMILY = "1,2";
				TEST_TARGET_NAME = MiBand5;
			};
			name = Debug;
		};
		1A24EFDE2ABE3CAF00DDE9DA /* Release */ = {
			isa = XCBuildConfiguration;
			buildSettings = {
				ALWAYS_EMBED_SWIFT_STANDARD_LIBRARIES = YES;
				CODE_SIGN_STYLE = Automatic;
				CURRENT_PROJECT_VERSION = 1;
				DEVELOPMENT_TEAM = V9WUS7ZBGW;
				GENERATE_INFOPLIST_FILE = YES;
				MARKETING_VERSION = 1.0;
				PRODUCT_BUNDLE_IDENTIFIER = eus.aitorzubizarreta.MiBand5UITests;
				PRODUCT_NAME = "$(TARGET_NAME)";
				SWIFT_EMIT_LOC_STRINGS = NO;
				SWIFT_VERSION = 5.0;
				TARGETED_DEVICE_FAMILY = "1,2";
				TEST_TARGET_NAME = MiBand5;
			};
			name = Release;
		};
/* End XCBuildConfiguration section */

/* Begin XCConfigurationList section */
		1A24EFA72ABE3CAE00DDE9DA /* Build configuration list for PBXProject "MiBand5" */ = {
			isa = XCConfigurationList;
			buildConfigurations = (
				1A24EFD42ABE3CAF00DDE9DA /* Debug */,
				1A24EFD52ABE3CAF00DDE9DA /* Release */,
			);
			defaultConfigurationIsVisible = 0;
			defaultConfigurationName = Release;
		};
		1A24EFD62ABE3CAF00DDE9DA /* Build configuration list for PBXNativeTarget "MiBand5" */ = {
			isa = XCConfigurationList;
			buildConfigurations = (
				1A24EFD72ABE3CAF00DDE9DA /* Debug */,
				1A24EFD82ABE3CAF00DDE9DA /* Release */,
			);
			defaultConfigurationIsVisible = 0;
			defaultConfigurationName = Release;
		};
		1A24EFD92ABE3CAF00DDE9DA /* Build configuration list for PBXNativeTarget "MiBand5Tests" */ = {
			isa = XCConfigurationList;
			buildConfigurations = (
				1A24EFDA2ABE3CAF00DDE9DA /* Debug */,
				1A24EFDB2ABE3CAF00DDE9DA /* Release */,
			);
			defaultConfigurationIsVisible = 0;
			defaultConfigurationName = Release;
		};
		1A24EFDC2ABE3CAF00DDE9DA /* Build configuration list for PBXNativeTarget "MiBand5UITests" */ = {
			isa = XCConfigurationList;
			buildConfigurations = (
				1A24EFDD2ABE3CAF00DDE9DA /* Debug */,
				1A24EFDE2ABE3CAF00DDE9DA /* Release */,
			);
			defaultConfigurationIsVisible = 0;
			defaultConfigurationName = Release;
		};
/* End XCConfigurationList section */
	};
	rootObject = 1A24EFA42ABE3CAE00DDE9DA /* Project object */;
}
